{
  "name": "@asd20/notifications-client",
  "version": "0.7.0",
  "lockfileVersion": 1,
  "requires": true,
  "dependencies": {
    "@asd20/notifications-plugin-json": {
      "version": "file:../plugin-json",
      "requires": {
        "@asd20/notifications-shared": "file:../shared",
        "lodash": "^4.17.15"
      },
      "dependencies": {
        "@asd20/notifications-shared": {
          "version": "file:../shared",
          "bundled": true,
          "requires": {
            "@types/lodash": "^4.14.151",
            "@vue/web-component-wrapper": "^1.2.0",
            "cookie-storage": "^6.0.0",
            "lodash": "^4.17.15"
          },
          "dependencies": {
            "@types/lodash": {
              "version": "4.14.153",
              "bundled": true
            },
            "@vue/web-component-wrapper": {
              "version": "1.2.0",
              "bundled": true
            },
            "cookie-storage": {
              "version": "6.0.0",
              "bundled": true
            },
            "lodash": {
              "version": "4.17.15",
              "bundled": true
            }
          }
        },
        "lodash": {
          "version": "4.17.15",
          "bundled": true
        }
      }
    },
    "@asd20/notifications-ui": {
      "version": "file:../ui",
      "requires": {
        "@vue/web-component-wrapper": "^1.2.0",
        "lodash-es": "^4.17.15",
        "vue": "^2.6.11",
        "vue-hot-reload-api": "^2.3.4"
      },
      "dependencies": {
        "@vue/web-component-wrapper": {
          "version": "1.2.0",
          "bundled": true
        },
        "lodash-es": {
          "version": "4.17.15",
          "bundled": true
        },
        "rollup-plugin-vue": {
          "version": "5.1.7",
          "bundled": true
        },
        "vue": {
          "version": "2.6.11",
          "bundled": true
        },
        "vue-hot-reload-api": {
          "version": "2.3.4",
          "bundled": true
        },
        "vue-template-compiler": {
          "version": "2.6.11",
          "bundled": true
        }
      }
    },
    "@vue/web-component-wrapper": {
      "version": "1.2.0",
      "resolved": "https://registry.npmjs.org/@vue/web-component-wrapper/-/web-component-wrapper-1.2.0.tgz",
      "integrity": "sha512-Xn/+vdm9CjuC9p3Ae+lTClNutrVhsXpzxvoTXXtoys6kVRX9FkueSUAqSWAyZntmVLlR4DosBV4pH8y5Z/HbUw=="
    }
  }
}
