{
	"name": "@asd20/notifications-shared",
	"version": "0.3.1",
	"lockfileVersion": 1,
	"requires": true,
	"dependencies": {
		"@types/lodash": {
			"version": "4.14.152",
			"resolved": "https://registry.npmjs.org/@types/lodash/-/lodash-4.14.152.tgz",
			"integrity": "sha512-Vwf9YF2x1GE3WNeUMjT5bTHa2DqgUo87ocdgTScupY2JclZ5Nn7W2RLM/N0+oreexUk8uaVugR81NnTY/jNNXg==",
			"dev": true
		},
		"@vue/web-component-wrapper": {
			"version": "1.2.0",
			"resolved": "https://registry.npmjs.org/@vue/web-component-wrapper/-/web-component-wrapper-1.2.0.tgz",
			"integrity": "sha512-Xn/+vdm9CjuC9p3Ae+lTClNutrVhsXpzxvoTXXtoys6kVRX9FkueSUAqSWAyZntmVLlR4DosBV4pH8y5Z/HbUw=="
		},
		"cookie-storage": {
			"version": "6.0.0",
			"resolved": "https://registry.npmjs.org/cookie-storage/-/cookie-storage-6.0.0.tgz",
			"integrity": "sha512-k9GqiqWIhytlm+Jprm+4mxW1tSa5iB9t3U46ueqkXx1dqD8lEEXKzVgSjyg57ybkhJFpB5PJqO53+J+8RlDZBw=="
		},
		"lodash": {
			"version": "4.17.15",
			"resolved": "https://registry.npmjs.org/lodash/-/lodash-4.17.15.tgz",
			"integrity": "sha512-8xOcRHvCjnocdS5cpwXQXVzmmh5e5+saE2QGoeQmbKmRS6J3VQppPOIt0MnmE+4xlZoumy0GPG0D0MVIQbNA1A=="
		}
	}
}
