{
  "name": "@asd20/notifications-plugin-cc-messages",
  "version": "0.8.13",
  "lockfileVersion": 1,
  "requires": true,
  "dependencies": {
    "@asd20/notifications-client": {
      "version": "file:../client",
      "requires": {
        "@asd20/notifications-plugin-json": "file:../plugin-json",
        "@asd20/notifications-shared": "file:../shared",
        "@asd20/notifications-ui": "file:../ui",
        "@vue/web-component-wrapper": "^1.2.0"
      },
      "dependencies": {
        "@asd20/notifications-plugin-json": {
          "version": "file:../plugin-json",
          "requires": {
            "@asd20/notifications-shared": "file:../shared",
            "lodash": "^4.17.15"
          },
          "dependencies": {
            "@asd20/notifications-shared": {
              "version": "file:../shared",
              "requires": {
                "@types/lodash": "^4.14.151",
                "@vue/web-component-wrapper": "^1.2.0",
                "cookie-storage": "^6.0.0",
                "lodash": "^4.17.15"
              },
              "dependencies": {
                "@types/lodash": {
                  "version": "4.14.153",
                  "resolved": false
                },
                "@vue/web-component-wrapper": {
                  "version": "1.2.0",
                  "resolved": false
                },
                "cookie-storage": {
                  "version": "6.0.0",
                  "resolved": false
                },
                "lodash": {
                  "version": "4.17.15",
                  "resolved": false
                }
              }
            },
            "lodash": {
              "version": "4.17.15",
              "resolved": false
            }
          }
        },
        "@asd20/notifications-shared": {
          "version": "file:../shared",
          "requires": {
            "@types/lodash": "^4.14.151",
            "@vue/web-component-wrapper": "^1.2.0",
            "cookie-storage": "^6.0.0",
            "lodash": "^4.17.15"
          },
          "dependencies": {
            "@types/lodash": {
              "version": "4.14.153",
              "resolved": false
            },
            "@vue/web-component-wrapper": {
              "version": "1.2.0",
              "resolved": false
            },
            "cookie-storage": {
              "version": "6.0.0",
              "resolved": false
            },
            "lodash": {
              "version": "4.17.15",
              "resolved": false
            }
          }
        },
        "@asd20/notifications-ui": {
          "version": "file:../ui",
          "requires": {
            "@vue/web-component-wrapper": "^1.2.0",
            "lodash-es": "^4.17.15",
            "vue": "^2.6.11",
            "vue-hot-reload-api": "^2.3.4"
          },
          "dependencies": {
            "@vue/web-component-wrapper": {
              "version": "1.2.0",
              "resolved": false
            },
            "lodash-es": {
              "version": "4.17.15",
              "resolved": false
            },
            "rollup-plugin-vue": {
              "version": "5.1.7",
              "resolved": false
            },
            "vue": {
              "version": "2.6.11",
              "resolved": false
            },
            "vue-hot-reload-api": {
              "version": "2.3.4",
              "resolved": false
            },
            "vue-template-compiler": {
              "version": "2.6.11",
              "resolved": false
            }
          }
        },
        "@vue/web-component-wrapper": {
          "version": "1.2.0",
          "resolved": false
        }
      }
    },
    "@asd20/notifications-plugin-azure-search": {
      "version": "file:../plugin-azure-search",
      "requires": {
        "@asd20/notifications-plugin-json": "file:../plugin-json"
      },
      "dependencies": {
        "@asd20/notifications-plugin-json": {
          "version": "file:../plugin-json",
          "requires": {
            "@asd20/notifications-shared": "file:../shared",
            "lodash": "^4.17.15"
          },
          "dependencies": {
            "@asd20/notifications-shared": {
              "version": "file:../shared",
              "requires": {
                "@types/lodash": "^4.14.151",
                "@vue/web-component-wrapper": "^1.2.0",
                "cookie-storage": "^6.0.0",
                "lodash": "^4.17.15"
              },
              "dependencies": {
                "@types/lodash": {
                  "version": "4.14.153",
                  "resolved": "https://registry.npmjs.org/@types/lodash/-/lodash-4.14.153.tgz",
                  "integrity": "sha512-lYniGRiRfZf2gGAR9cfRC3Pi5+Q1ziJCKqPmjZocigrSJUVPWf7st1BtSJ8JOeK0FLXVndQ1IjUjTco9CXGo/Q=="
                },
                "@vue/web-component-wrapper": {
                  "version": "1.2.0",
                  "resolved": "https://registry.npmjs.org/@vue/web-component-wrapper/-/web-component-wrapper-1.2.0.tgz",
                  "integrity": "sha512-Xn/+vdm9CjuC9p3Ae+lTClNutrVhsXpzxvoTXXtoys6kVRX9FkueSUAqSWAyZntmVLlR4DosBV4pH8y5Z/HbUw=="
                },
                "cookie-storage": {
                  "version": "6.0.0",
                  "resolved": "https://registry.npmjs.org/cookie-storage/-/cookie-storage-6.0.0.tgz",
                  "integrity": "sha512-k9GqiqWIhytlm+Jprm+4mxW1tSa5iB9t3U46ueqkXx1dqD8lEEXKzVgSjyg57ybkhJFpB5PJqO53+J+8RlDZBw=="
                },
                "lodash": {
                  "version": "4.17.15",
                  "resolved": "https://registry.npmjs.org/lodash/-/lodash-4.17.15.tgz",
                  "integrity": "sha512-8xOcRHvCjnocdS5cpwXQXVzmmh5e5+saE2QGoeQmbKmRS6J3VQppPOIt0MnmE+4xlZoumy0GPG0D0MVIQbNA1A=="
                }
              }
            },
            "lodash": {
              "version": "4.17.15",
              "resolved": "https://registry.npmjs.org/lodash/-/lodash-4.17.15.tgz",
              "integrity": "sha512-8xOcRHvCjnocdS5cpwXQXVzmmh5e5+saE2QGoeQmbKmRS6J3VQppPOIt0MnmE+4xlZoumy0GPG0D0MVIQbNA1A=="
            }
          }
        }
      }
    },
    "@asd20/notifications-shared": {
      "version": "file:../shared",
      "requires": {
        "@types/lodash": "^4.14.151",
        "@vue/web-component-wrapper": "^1.2.0",
        "cookie-storage": "^6.0.0",
        "lodash": "^4.17.15"
      },
      "dependencies": {
        "@types/lodash": {
          "version": "4.14.153",
          "resolved": false
        },
        "@vue/web-component-wrapper": {
          "version": "1.2.0",
          "resolved": false
        },
        "cookie-storage": {
          "version": "6.0.0",
          "resolved": false
        },
        "lodash": {
          "version": "4.17.15",
          "resolved": false
        }
      }
    }
  }
}
