{
  "name": "@asd20/notifications-plugin-azure-search",
  "version": "0.8.5",
  "lockfileVersion": 1,
  "requires": true,
  "dependencies": {
    "@asd20/notifications-plugin-json": {
      "version": "file:../plugin-json",
      "requires": {
        "@asd20/notifications-shared": "file:../shared",
        "lodash": "^4.17.15"
      },
      "dependencies": {
        "@asd20/notifications-shared": {
          "version": "file:../shared",
          "bundled": true,
          "requires": {
            "@types/lodash": "^4.14.151",
            "@vue/web-component-wrapper": "^1.2.0",
            "cookie-storage": "^6.0.0",
            "lodash": "^4.17.15"
          },
          "dependencies": {
            "@types/lodash": {
              "version": "4.14.153",
              "bundled": true
            },
            "@vue/web-component-wrapper": {
              "version": "1.2.0",
              "bundled": true
            },
            "cookie-storage": {
              "version": "6.0.0",
              "bundled": true
            },
            "lodash": {
              "version": "4.17.15",
              "bundled": true
            }
          }
        },
        "lodash": {
          "version": "4.17.15",
          "bundled": true
        }
      }
    }
  }
}
